
Microsoft Visual Studio Solution File, Format Version 12.00
# Visual Studio Version 17
VisualStudioVersion = 17.4.33205.214
MinimumVisualStudioVersion = 10.0.40219.1
Project("{FAE04EC0-301F-11D3-BF4B-00C04F79EFBC}") = "WebApp1", "WebApp1\WebApp1.csproj", "{47F59DCC-0979-4D2A-805F-D5E8B9C79039}"
EndProject
Global
	GlobalSection(SolutionConfigurationPlatforms) = preSolution
		Debug|Any CPU = Debug|Any CPU
		Release|Any CPU = Release|Any CPU
	EndGlobalSection
	GlobalSection(ProjectConfigurationPlatforms) = postSolution
		{47F59DCC-0979-4D2A-805F-D5E8B9C79039}.Debug|Any CPU.ActiveCfg = Debug|Any CPU
		{47F59DCC-0979-4D2A-805F-D5E8B9C79039}.Debug|Any CPU.Build.0 = Debug|Any CPU
		{47F59DCC-0979-4D2A-805F-D5E8B9C79039}.Release|Any CPU.ActiveCfg = Release|Any CPU
		{47F59DCC-0979-4D2A-805F-D5E8B9C79039}.Release|Any CPU.Build.0 = Release|Any CPU
	EndGlobalSection
	GlobalSection(SolutionProperties) = preSolution
		HideSolutionNode = FALSE
	EndGlobalSection
	GlobalSection(ExtensibilityGlobals) = postSolution
		SolutionGuid = {50E02B4D-67E2-45DB-B05E-D276D8555BD8}
	EndGlobalSection
EndGlobal
